
Microsoft Visual Studio Solution File, Format Version 12.00
# Visual Studio 15
VisualStudioVersion = 15.0.26730.12
MinimumVisualStudioVersion = 10.0.40219.1
Project("{9A19103F-16F7-4668-BE54-9A1E7A4F7556}") = "Client", "Client\Client.csproj", "{8EA636E1-C60B-45D0-92AF-0A95E849C71B}"
EndProject
Project("{9A19103F-16F7-4668-BE54-9A1E7A4F7556}") = "Tests", "Tests\Tests.csproj", "{0B18C453-907B-4E39-901E-B5C068908B7B}"
EndProject
Project("{2150E333-8FDC-42A3-9474-1A3956D46DE8}") = "~metadata", "~metadata", "{E4A79030-4C0D-40D9-9A44-7321A74140FF}"
	ProjectSection(SolutionItems) = preProject
		.gitignore = .gitignore
		LICENSE.txt = LICENSE.txt
		README.md = README.md
		RELEASE-NOTES.md = RELEASE-NOTES.md
	EndProjectSection
EndProject
Global
	GlobalSection(SolutionConfigurationPlatforms) = preSolution
		Debug|Any CPU = Debug|Any CPU
		Debug|Mixed Platforms = Debug|Mixed Platforms
		Debug|x86 = Debug|x86
		Release|Any CPU = Release|Any CPU
		Release|Mixed Platforms = Release|Mixed Platforms
		Release|x86 = Release|x86
	EndGlobalSection
	GlobalSection(ProjectConfigurationPlatforms) = postSolution
		{8EA636E1-C60B-45D0-92AF-0A95E849C71B}.Debug|Any CPU.ActiveCfg = Debug|Any CPU
		{8EA636E1-C60B-45D0-92AF-0A95E849C71B}.Debug|Any CPU.Build.0 = Debug|Any CPU
		{8EA636E1-C60B-45D0-92AF-0A95E849C71B}.Debug|Mixed Platforms.ActiveCfg = Debug|Any CPU
		{8EA636E1-C60B-45D0-92AF-0A95E849C71B}.Debug|Mixed Platforms.Build.0 = Debug|Any CPU
		{8EA636E1-C60B-45D0-92AF-0A95E849C71B}.Debug|x86.ActiveCfg = Debug|Any CPU
		{8EA636E1-C60B-45D0-92AF-0A95E849C71B}.Debug|x86.Build.0 = Debug|Any CPU
		{8EA636E1-C60B-45D0-92AF-0A95E849C71B}.Release|Any CPU.ActiveCfg = Release|Any CPU
		{8EA636E1-C60B-45D0-92AF-0A95E849C71B}.Release|Any CPU.Build.0 = Release|Any CPU
		{8EA636E1-C60B-45D0-92AF-0A95E849C71B}.Release|Mixed Platforms.ActiveCfg = Release|Any CPU
		{8EA636E1-C60B-45D0-92AF-0A95E849C71B}.Release|Mixed Platforms.Build.0 = Release|Any CPU
		{8EA636E1-C60B-45D0-92AF-0A95E849C71B}.Release|x86.ActiveCfg = Release|Any CPU
		{8EA636E1-C60B-45D0-92AF-0A95E849C71B}.Release|x86.Build.0 = Release|Any CPU
		{0B18C453-907B-4E39-901E-B5C068908B7B}.Debug|Any CPU.ActiveCfg = Debug|Any CPU
		{0B18C453-907B-4E39-901E-B5C068908B7B}.Debug|Any CPU.Build.0 = Debug|Any CPU
		{0B18C453-907B-4E39-901E-B5C068908B7B}.Debug|Mixed Platforms.ActiveCfg = Debug|Any CPU
		{0B18C453-907B-4E39-901E-B5C068908B7B}.Debug|Mixed Platforms.Build.0 = Debug|Any CPU
		{0B18C453-907B-4E39-901E-B5C068908B7B}.Debug|x86.ActiveCfg = Debug|Any CPU
		{0B18C453-907B-4E39-901E-B5C068908B7B}.Debug|x86.Build.0 = Debug|Any CPU
		{0B18C453-907B-4E39-901E-B5C068908B7B}.Release|Any CPU.ActiveCfg = Release|Any CPU
		{0B18C453-907B-4E39-901E-B5C068908B7B}.Release|Any CPU.Build.0 = Release|Any CPU
		{0B18C453-907B-4E39-901E-B5C068908B7B}.Release|Mixed Platforms.ActiveCfg = Release|Any CPU
		{0B18C453-907B-4E39-901E-B5C068908B7B}.Release|Mixed Platforms.Build.0 = Release|Any CPU
		{0B18C453-907B-4E39-901E-B5C068908B7B}.Release|x86.ActiveCfg = Release|Any CPU
		{0B18C453-907B-4E39-901E-B5C068908B7B}.Release|x86.Build.0 = Release|Any CPU
	EndGlobalSection
	GlobalSection(SolutionProperties) = preSolution
		HideSolutionNode = FALSE
	EndGlobalSection
	GlobalSection(ExtensibilityGlobals) = postSolution
		SolutionGuid = {B13402A3-29D2-49B6-8F97-0413B6AEC349}
	EndGlobalSection
EndGlobal
